# This file is automatically @generated by Cargo.
# It is not intended for manual editing.
version = 4

[[package]]
name = "core-engine"
version = "0.1.0"

[[package]]
name = "daemon"
version = "0.1.0"
dependencies = [
 "core-engine",
 "hid-capture",
 "os-virtual-input",
]

[[package]]
name = "hid-capture"
version = "0.1.0"
dependencies = [
 "core-engine",
]

[[package]]
name = "os-virtual-input"
version = "0.1.0"
dependencies = [
 "core-engine",
]
